// !$*UTF8*$!
{
	archiveVersion = 1;
	classes = {
	};
	objectVersion = 46;
	objects = {

/* Begin PBXBuildFile section */
		917A3E591E4825A800F290B5 /* AppDelegate.swift in Sources */ = {isa = PBXBuildFile; fileRef = 917A3E581E4825A800F290B5 /* AppDelegate.swift */; };
		917A3E5B1E4825A800F290B5 /* ViewController.swift in Sources */ = {isa = PBXBuildFile; fileRef = 917A3E5A1E4825A800F290B5 /* ViewController.swift */; };
		917A3E5E1E4825A800F290B5 /* Main.storyboard in Resources */ = {isa = PBXBuildFile; fileRef = 917A3E5C1E4825A800F290B5 /* Main.storyboard */; };
		917A3E601E4825A800F290B5 /* Assets.xcassets in Resources */ = {isa = PBXBuildFile; fileRef = 917A3E5F1E4825A800F290B5 /* Assets.xcassets */; };
		917A3E631E4825A800F290B5 /* LaunchScreen.storyboard in Resources */ = {isa = PBXBuildFile; fileRef = 917A3E611E4825A800F290B5 /* LaunchScreen.storyboard */; };
		917A3E6E1E4825A800F290B5 /* GregsonRaevan_CE1Tests.swift in Sources */ = {isa = PBXBuildFile; fileRef = 917A3E6D1E4825A800F290B5 /* GregsonRaevan_CE1Tests.swift */; };
		917A3E791E4825A800F290B5 /* GregsonRaevan_CE1UITests.swift in Sources */ = {isa = PBXBuildFile; fileRef = 917A3E781E4825A800F290B5 /* GregsonRaevan_CE1UITests.swift */; };
/* End PBXBuildFile section */

/* Begin PBXContainerItemProxy section */
		917A3E6A1E4825A800F290B5 /* PBXContainerItemProxy */ = {
			isa = PBXContainerItemProxy;
			containerPortal = 917A3E4D1E4825A800F290B5 /* Project object */;
			proxyType = 1;
			remoteGlobalIDString = 917A3E541E4825A800F290B5;
			remoteInfo = GregsonRaevan_CE1;
		};
		917A3E751E4825A800F290B5 /* PBXContainerItemProxy */ = {
			isa = PBXContainerItemProxy;
			containerPortal = 917A3E4D1E4825A800F290B5 /* Project object */;
			proxyType = 1;
			remoteGlobalIDString = 917A3E541E4825A800F290B5;
			remoteInfo = GregsonRaevan_CE1;
		};
/* End PBXContainerItemProxy section */

/* Begin PBXFileReference section */
		917A3E551E4825A800F290B5 /* GregsonRaevan_CE1.app */ = {isa = PBXFileReference; explicitFileType = wrapper.application; includeInIndex = 0; path = GregsonRaevan_CE1.app; sourceTree = BUILT_PRODUCTS_DIR; };
		917A3E581E4825A800F290B5 /* AppDelegate.swift */ = {isa = PBXFileReference; lastKnownFileType = sourcecode.swift; path = AppDelegate.swift; sourceTree = "<group>"; };
		917A3E5A1E4825A800F290B5 /* ViewController.swift */ = {isa = PBXFileReference; lastKnownFileType = sourcecode.swift; path = ViewController.swift; sourceTree = "<group>"; };
		917A3E5D1E4825A800F290B5 /* Base */ = {isa = PBXFileReference; lastKnownFileType = file.storyboard; name = Base; path = Base.lproj/Main.storyboard; sourceTree = "<group>"; };
		917A3E5F1E4825A800F290B5 /* Assets.xcassets */ = {isa = PBXFileReference; lastKnownFileType = folder.assetcatalog; path = Assets.xcassets; sourceTree = "<group>"; };
		917A3E621E4825A800F290B5 /* Base */ = {isa = PBXFileReference; lastKnownFileType = file.storyboard; name = Base; path = Base.lproj/LaunchScreen.storyboard; sourceTree = "<group>"; };
		917A3E641E4825A800F290B5 /* Info.plist */ = {isa = PBXFileReference; lastKnownFileType = text.plist.xml; path = Info.plist; sourceTree = "<group>"; };
		917A3E691E4825A800F290B5 /* GregsonRaevan_CE1Tests.xctest */ = {isa = PBXFileReference; explicitFileType = wrapper.cfbundle; includeInIndex = 0; path = GregsonRaevan_CE1Tests.xctest; sourceTree = BUILT_PRODUCTS_DIR; };
		917A3E6D1E4825A800F290B5 /* GregsonRaevan_CE1Tests.swift */ = {isa = PBXFileReference; lastKnownFileType = sourcecode.swift; path = GregsonRaevan_CE1Tests.swift; sourceTree = "<group>"; };
		917A3E6F1E4825A800F290B5 /* Info.plist */ = {isa = PBXFileReference; lastKnownFileType = text.plist.xml; path = Info.plist; sourceTree = "<group>"; };
		917A3E741E4825A800F290B5 /* GregsonRaevan_CE1UITests.xctest */ = {isa = PBXFileReference; explicitFileType = wrapper.cfbundle; includeInIndex = 0; path = GregsonRaevan_CE1UITests.xctest; sourceTree = BUILT_PRODUCTS_DIR; };
		917A3E781E4825A800F290B5 /* GregsonRaevan_CE1UITests.swift */ = {isa = PBXFileReference; lastKnownFileType = sourcecode.swift; path = GregsonRaevan_CE1UITests.swift; sourceTree = "<group>"; };
		917A3E7A1E4825A800F290B5 /* Info.plist */ = {isa = PBXFileReference; lastKnownFileType = text.plist.xml; path = Info.plist; sourceTree = "<group>"; };
/* End PBXFileReference section */

/* Begin PBXFrameworksBuildPhase section */
		917A3E521E4825A800F290B5 /* Frameworks */ = {
			isa = PBXFrameworksBuildPhase;
			buildActionMask = 2147483647;
			files = (
			);
			runOnlyForDeploymentPostprocessing = 0;
		};
		917A3E661E4825A800F290B5 /* Frameworks */ = {
			isa = PBXFrameworksBuildPhase;
			buildActionMask = 2147483647;
			files = (
			);
			runOnlyForDeploymentPostprocessing = 0;
		};
		917A3E711E4825A800F290B5 /* Frameworks */ = {
			isa = PBXFrameworksBuildPhase;
			buildActionMask = 2147483647;
			files = (
			);
			runOnlyForDeploymentPostprocessing = 0;
		};
/* End PBXFrameworksBuildPhase section */

/* Begin PBXGroup section */
		917A3E4C1E4825A800F290B5 = {
			isa = PBXGroup;
			children = (
				917A3E571E4825A800F290B5 /* GregsonRaevan_CE1 */,
				917A3E6C1E4825A800F290B5 /* GregsonRaevan_CE1Tests */,
				917A3E771E4825A800F290B5 /* GregsonRaevan_CE1UITests */,
				917A3E561E4825A800F290B5 /* Products */,
			);
			sourceTree = "<group>";
		};
		917A3E561E4825A800F290B5 /* Products */ = {
			isa = PBXGroup;
			children = (
				917A3E551E4825A800F290B5 /* GregsonRaevan_CE1.app */,
				917A3E691E4825A800F290B5 /* GregsonRaevan_CE1Tests.xctest */,
				917A3E741E4825A800F290B5 /* GregsonRaevan_CE1UITests.xctest */,
			);
			name = Products;
			sourceTree = "<group>";
		};
		917A3E571E4825A800F290B5 /* GregsonRaevan_CE1 */ = {
			isa = PBXGroup;
			children = (
				917A3E581E4825A800F290B5 /* AppDelegate.swift */,
				917A3E5A1E4825A800F290B5 /* ViewController.swift */,
				917A3E5C1E4825A800F290B5 /* Main.storyboard */,
				917A3E5F1E4825A800F290B5 /* Assets.xcassets */,
				917A3E611E4825A800F290B5 /* LaunchScreen.storyboard */,
				917A3E641E4825A800F290B5 /* Info.plist */,
			);
			path = GregsonRaevan_CE1;
			sourceTree = "<group>";
		};
		917A3E6C1E4825A800F290B5 /* GregsonRaevan_CE1Tests */ = {
			isa = PBXGroup;
			children = (
				917A3E6D1E4825A800F290B5 /* GregsonRaevan_CE1Tests.swift */,
				917A3E6F1E4825A800F290B5 /* Info.plist */,
			);
			path = GregsonRaevan_CE1Tests;
			sourceTree = "<group>";
		};
		917A3E771E4825A800F290B5 /* GregsonRaevan_CE1UITests */ = {
			isa = PBXGroup;
			children = (
				917A3E781E4825A800F290B5 /* GregsonRaevan_CE1UITests.swift */,
				917A3E7A1E4825A800F290B5 /* Info.plist */,
			);
			path = GregsonRaevan_CE1UITests;
			sourceTree = "<group>";
		};
/* End PBXGroup section */

/* Begin PBXNativeTarget section */
		917A3E541E4825A800F290B5 /* GregsonRaevan_CE1 */ = {
			isa = PBXNativeTarget;
			buildConfigurationList = 917A3E7D1E4825A800F290B5 /* Build configuration list for PBXNativeTarget "GregsonRaevan_CE1" */;
			buildPhases = (
				917A3E511E4825A800F290B5 /* Sources */,
				917A3E521E4825A800F290B5 /* Frameworks */,
				917A3E531E4825A800F290B5 /* Resources */,
			);
			buildRules = (
			);
			dependencies = (
			);
			name = GregsonRaevan_CE1;
			productName = GregsonRaevan_CE1;
			productReference = 917A3E551E4825A800F290B5 /* GregsonRaevan_CE1.app */;
			productType = "com.apple.product-type.application";
		};
		917A3E681E4825A800F290B5 /* GregsonRaevan_CE1Tests */ = {
			isa = PBXNativeTarget;
			buildConfigurationList = 917A3E801E4825A800F290B5 /* Build configuration list for PBXNativeTarget "GregsonRaevan_CE1Tests" */;
			buildPhases = (
				917A3E651E4825A800F290B5 /* Sources */,
				917A3E661E4825A800F290B5 /* Frameworks */,
				917A3E671E4825A800F290B5 /* Resources */,
			);
			buildRules = (
			);
			dependencies = (
				917A3E6B1E4825A800F290B5 /* PBXTargetDependency */,
			);
			name = GregsonRaevan_CE1Tests;
			productName = GregsonRaevan_CE1Tests;
			productReference = 917A3E691E4825A800F290B5 /* GregsonRaevan_CE1Tests.xctest */;
			productType = "com.apple.product-type.bundle.unit-test";
		};
		917A3E731E4825A800F290B5 /* GregsonRaevan_CE1UITests */ = {
			isa = PBXNativeTarget;
			buildConfigurationList = 917A3E831E4825A800F290B5 /* Build configuration list for PBXNativeTarget "GregsonRaevan_CE1UITests" */;
			buildPhases = (
				917A3E701E4825A800F290B5 /* Sources */,
				917A3E711E4825A800F290B5 /* Frameworks */,
				917A3E721E4825A800F290B5 /* Resources */,
			);
			buildRules = (
			);
			dependencies = (
				917A3E761E4825A800F290B5 /* PBXTargetDependency */,
			);
			name = GregsonRaevan_CE1UITests;
			productName = GregsonRaevan_CE1UITests;
			productReference = 917A3E741E4825A800F290B5 /* GregsonRaevan_CE1UITests.xctest */;
			productType = "com.apple.product-type.bundle.ui-testing";
		};
/* End PBXNativeTarget section */

/* Begin PBXProject section */
		917A3E4D1E4825A800F290B5 /* Project object */ = {
			isa = PBXProject;
			attributes = {
				LastSwiftUpdateCheck = 0820;
				LastUpgradeCheck = 0900;
				ORGANIZATIONNAME = "Raevan Gregson";
				TargetAttributes = {
					917A3E541E4825A800F290B5 = {
						CreatedOnToolsVersion = 8.2.1;
						DevelopmentTeam = 356W4VKW8U;
						LastSwiftMigration = 0900;
						ProvisioningStyle = Automatic;
					};
					917A3E681E4825A800F290B5 = {
						CreatedOnToolsVersion = 8.2.1;
						DevelopmentTeam = 356W4VKW8U;
						LastSwiftMigration = 0900;
						ProvisioningStyle = Automatic;
						TestTargetID = 917A3E541E4825A800F290B5;
					};
					917A3E731E4825A800F290B5 = {
						CreatedOnToolsVersion = 8.2.1;
						DevelopmentTeam = 356W4VKW8U;
						LastSwiftMigration = 0900;
						ProvisioningStyle = Automatic;
						TestTargetID = 917A3E541E4825A800F290B5;
					};
				};
			};
			buildConfigurationList = 917A3E501E4825A800F290B5 /* Build configuration list for PBXProject "GregsonRaevan_CE1" */;
			compatibilityVersion = "Xcode 3.2";
			developmentRegion = English;
			hasScannedForEncodings = 0;
			knownRegions = (
				en,
				Base,
			);
			mainGroup = 917A3E4C1E4825A800F290B5;
			productRefGroup = 917A3E561E4825A800F290B5 /* Products */;
			projectDirPath = "";
			projectRoot = "";
			targets = (
				917A3E541E4825A800F290B5 /* GregsonRaevan_CE1 */,
				917A3E681E4825A800F290B5 /* GregsonRaevan_CE1Tests */,
				917A3E731E4825A800F290B5 /* GregsonRaevan_CE1UITests */,
			);
		};
/* End PBXProject section */

/* Begin PBXResourcesBuildPhase section */
		917A3E531E4825A800F290B5 /* Resources */ = {
			isa = PBXResourcesBuildPhase;
			buildActionMask = 2147483647;
			files = (
				917A3E631E4825A800F290B5 /* LaunchScreen.storyboard in Resources */,
				917A3E601E4825A800F290B5 /* Assets.xcassets in Resources */,
				917A3E5E1E4825A800F290B5 /* Main.storyboard in Resources */,
			);
			runOnlyForDeploymentPostprocessing = 0;
		};
		917A3E671E4825A800F290B5 /* Resources */ = {
			isa = PBXResourcesBuildPhase;
			buildActionMask = 2147483647;
			files = (
			);
			runOnlyForDeploymentPostprocessing = 0;
		};
		917A3E721E4825A800F290B5 /* Resources */ = {
			isa = PBXResourcesBuildPhase;
			buildActionMask = 2147483647;
			files = (
			);
			runOnlyForDeploymentPostprocessing = 0;
		};
/* End PBXResourcesBuildPhase section */

/* Begin PBXSourcesBuildPhase section */
		917A3E511E4825A800F290B5 /* Sources */ = {
			isa = PBXSourcesBuildPhase;
			buildActionMask = 2147483647;
			files = (
				917A3E5B1E4825A800F290B5 /* ViewController.swift in Sources */,
				917A3E591E4825A800F290B5 /* AppDelegate.swift in Sources */,
			);
			runOnlyForDeploymentPostprocessing = 0;
		};
		917A3E651E4825A800F290B5 /* Sources */ = {
			isa = PBXSourcesBuildPhase;
			buildActionMask = 2147483647;
			files = (
				917A3E6E1E4825A800F290B5 /* GregsonRaevan_CE1Tests.swift in Sources */,
			);
			runOnlyForDeploymentPostprocessing = 0;
		};
		917A3E701E4825A800F290B5 /* Sources */ = {
			isa = PBXSourcesBuildPhase;
			buildActionMask = 2147483647;
			files = (
				917A3E791E4825A800F290B5 /* GregsonRaevan_CE1UITests.swift in Sources */,
			);
			runOnlyForDeploymentPostprocessing = 0;
		};
/* End PBXSourcesBuildPhase section */

/* Begin PBXTargetDependency section */
		917A3E6B1E4825A800F290B5 /* PBXTargetDependency */ = {
			isa = PBXTargetDependency;
			target = 917A3E541E4825A800F290B5 /* GregsonRaevan_CE1 */;
			targetProxy = 917A3E6A1E4825A800F290B5 /* PBXContainerItemProxy */;
		};
		917A3E761E4825A800F290B5 /* PBXTargetDependency */ = {
			isa = PBXTargetDependency;
			target = 917A3E541E4825A800F290B5 /* GregsonRaevan_CE1 */;
			targetProxy = 917A3E751E4825A800F290B5 /* PBXContainerItemProxy */;
		};
/* End PBXTargetDependency section */

/* Begin PBXVariantGroup section */
		917A3E5C1E4825A800F290B5 /* Main.storyboard */ = {
			isa = PBXVariantGroup;
			children = (
				917A3E5D1E4825A800F290B5 /* Base */,
			);
			name = Main.storyboard;
			sourceTree = "<group>";
		};
		917A3E611E4825A800F290B5 /* LaunchScreen.storyboard */ = {
			isa = PBXVariantGroup;
			children = (
				917A3E621E4825A800F290B5 /* Base */,
			);
			name = LaunchScreen.storyboard;
			sourceTree = "<group>";
		};
/* End PBXVariantGroup section */

/* Begin XCBuildConfiguration section */
		917A3E7B1E4825A800F290B5 /* Debug */ = {
			isa = XCBuildConfiguration;
			buildSettings = {
				ALWAYS_SEARCH_USER_PATHS = NO;
				CLANG_ANALYZER_NONNULL = YES;
				CLANG_CXX_LANGUAGE_STANDARD = "gnu++0x";
				CLANG_CXX_LIBRARY = "libc++";
				CLANG_ENABLE_MODULES = YES;
				CLANG_ENABLE_OBJC_ARC = YES;
				CLANG_WARN_BLOCK_CAPTURE_AUTORELEASING = YES;
				CLANG_WARN_BOOL_CONVERSION = YES;
				CLANG_WARN_COMMA = YES;
				CLANG_WARN_CONSTANT_CONVERSION = YES;
				CLANG_WARN_DIRECT_OBJC_ISA_USAGE = YES_ERROR;
				CLANG_WARN_DOCUMENTATION_COMMENTS = YES;
				CLANG_WARN_EMPTY_BODY = YES;
				CLANG_WARN_ENUM_CONVERSION = YES;
				CLANG_WARN_INFINITE_RECURSION = YES;
				CLANG_WARN_INT_CONVERSION = YES;
				CLANG_WARN_NON_LITERAL_NULL_CONVERSION = YES;
				CLANG_WARN_OBJC_LITERAL_CONVERSION = YES;
				CLANG_WARN_OBJC_ROOT_CLASS = YES_ERROR;
				CLANG_WARN_RANGE_LOOP_ANALYSIS = YES;
				CLANG_WARN_STRICT_PROTOTYPES = YES;
				CLANG_WARN_SUSPICIOUS_MOVE = YES;
				CLANG_WARN_UNREACHABLE_CODE = YES;
				CLANG_WARN__DUPLICATE_METHOD_MATCH = YES;
				"CODE_SIGN_IDENTITY[sdk=iphoneos*]" = "iPhone Developer";
				COPY_PHASE_STRIP = NO;
				DEBUG_INFORMATION_FORMAT = dwarf;
				ENABLE_STRICT_OBJC_MSGSEND = YES;
				ENABLE_TESTABILITY = YES;
				GCC_C_LANGUAGE_STANDARD = gnu99;
				GCC_DYNAMIC_NO_PIC = NO;
				GCC_NO_COMMON_BLOCKS = YES;
				GCC_OPTIMIZATION_LEVEL = 0;
				GCC_PREPROCESSOR_DEFINITIONS = (
					"DEBUG=1",
					"$(inherited)",
				);
				GCC_WARN_64_TO_32_BIT_CONVERSION = YES;
				GCC_WARN_ABOUT_RETURN_TYPE = YES_ERROR;
				GCC_WARN_UNDECLARED_SELECTOR = YES;
				GCC_WARN_UNINITIALIZED_AUTOS = YES_AGGRESSIVE;
				GCC_WARN_UNUSED_FUNCTION = YES;
				GCC_WARN_UNUSED_VARIABLE = YES;
				IPHONEOS_DEPLOYMENT_TARGET = 10.2;
				MTL_ENABLE_DEBUG_INFO = YES;
				ONLY_ACTIVE_ARCH = YES;
				SDKROOT = iphoneos;
				SWIFT_ACTIVE_COMPILATION_CONDITIONS = DEBUG;
				SWIFT_OPTIMIZATION_LEVEL = "-Onone";
			};
			name = Debug;
		};
		917A3E7C1E4825A800F290B5 /* Release */ = {
			isa = XCBuildConfiguration;
			buildSettings = {
				ALWAYS_SEARCH_USER_PATHS = NO;
				CLANG_ANALYZER_NONNULL = YES;
				CLANG_CXX_LANGUAGE_STANDARD = "gnu++0x";
				CLANG_CXX_LIBRARY = "libc++";
				CLANG_ENABLE_MODULES = YES;
				CLANG_ENABLE_OBJC_ARC = YES;
				CLANG_WARN_BLOCK_CAPTURE_AUTORELEASING = YES;
				CLANG_WARN_BOOL_CONVERSION = YES;
				CLANG_WARN_COMMA = YES;
				CLANG_WARN_CONSTANT_CONVERSION = YES;
				CLANG_WARN_DIRECT_OBJC_ISA_USAGE = YES_ERROR;
				CLANG_WARN_DOCUMENTATION_COMMENTS = YES;
				CLANG_WARN_EMPTY_BODY = YES;
				CLANG_WARN_ENUM_CONVERSION = YES;
				CLANG_WARN_INFINITE_RECURSION = YES;
				CLANG_WARN_INT_CONVERSION = YES;
				CLANG_WARN_NON_LITERAL_NULL_CONVERSION = YES;
				CLANG_WARN_OBJC_LITERAL_CONVERSION = YES;
				CLANG_WARN_OBJC_ROOT_CLASS = YES_ERROR;
				CLANG_WARN_RANGE_LOOP_ANALYSIS = YES;
				CLANG_WARN_STRICT_PROTOTYPES = YES;
				CLANG_WARN_SUSPICIOUS_MOVE = YES;
				CLANG_WARN_UNREACHABLE_CODE = YES;
				CLANG_WARN__DUPLICATE_METHOD_MATCH = YES;
				"CODE_SIGN_IDENTITY[sdk=iphoneos*]" = "iPhone Developer";
				COPY_PHASE_STRIP = NO;
				DEBUG_INFORMATION_FORMAT = "dwarf-with-dsym";
				ENABLE_NS_ASSERTIONS = NO;
				ENABLE_STRICT_OBJC_MSGSEND = YES;
				GCC_C_LANGUAGE_STANDARD = gnu99;
				GCC_NO_COMMON_BLOCKS = YES;
				GCC_WARN_64_TO_32_BIT_CONVERSION = YES;
				GCC_WARN_ABOUT_RETURN_TYPE = YES_ERROR;
				GCC_WARN_UNDECLARED_SELECTOR = YES;
				GCC_WARN_UNINITIALIZED_AUTOS = YES_AGGRESSIVE;
				GCC_WARN_UNUSED_FUNCTION = YES;
				GCC_WARN_UNUSED_VARIABLE = YES;
				IPHONEOS_DEPLOYMENT_TARGET = 10.2;
				MTL_ENABLE_DEBUG_INFO = NO;
				SDKROOT = iphoneos;
				SWIFT_OPTIMIZATION_LEVEL = "-Owholemodule";
				VALIDATE_PRODUCT = YES;
			};
			name = Release;
		};
		917A3E7E1E4825A800F290B5 /* Debug */ = {
			isa = XCBuildConfiguration;
			buildSettings = {
				ASSETCATALOG_COMPILER_APPICON_NAME = AppIcon;
				DEVELOPMENT_TEAM = 356W4VKW8U;
				INFOPLIST_FILE = GregsonRaevan_CE1/Info.plist;
				LD_RUNPATH_SEARCH_PATHS = "$(inherited) @executable_path/Frameworks";
				PRODUCT_BUNDLE_IDENTIFIER = "AppleProgramming.GregsonRaevan-CE1";
				PRODUCT_NAME = "$(TARGET_NAME)";
				SWIFT_SWIFT3_OBJC_INFERENCE = On;
				SWIFT_VERSION = 4.0;
			};
			name = Debug;
		};
		917A3E7F1E4825A800F290B5 /* Release */ = {
			isa = XCBuildConfiguration;
			buildSettings = {
				ASSETCATALOG_COMPILER_APPICON_NAME = AppIcon;
				DEVELOPMENT_TEAM = 356W4VKW8U;
				INFOPLIST_FILE = GregsonRaevan_CE1/Info.plist;
				LD_RUNPATH_SEARCH_PATHS = "$(inherited) @executable_path/Frameworks";
				PRODUCT_BUNDLE_IDENTIFIER = "AppleProgramming.GregsonRaevan-CE1";
				PRODUCT_NAME = "$(TARGET_NAME)";
				SWIFT_SWIFT3_OBJC_INFERENCE = On;
				SWIFT_VERSION = 4.0;
			};
			name = Release;
		};
		917A3E811E4825A800F290B5 /* Debug */ = {
			isa = XCBuildConfiguration;
			buildSettings = {
				ALWAYS_EMBED_SWIFT_STANDARD_LIBRARIES = YES;
				BUNDLE_LOADER = "$(TEST_HOST)";
				DEVELOPMENT_TEAM = 356W4VKW8U;
				INFOPLIST_FILE = GregsonRaevan_CE1Tests/Info.plist;
				LD_RUNPATH_SEARCH_PATHS = "$(inherited) @executable_path/Frameworks @loader_path/Frameworks";
				PRODUCT_BUNDLE_IDENTIFIER = "AppleProgramming.GregsonRaevan-CE1Tests";
				PRODUCT_NAME = "$(TARGET_NAME)";
				SWIFT_SWIFT3_OBJC_INFERENCE = On;
				SWIFT_VERSION = 4.0;
				TEST_HOST = "$(BUILT_PRODUCTS_DIR)/GregsonRaevan_CE1.app/GregsonRaevan_CE1";
			};
			name = Debug;
		};
		917A3E821E4825A800F290B5 /* Release */ = {
			isa = XCBuildConfiguration;
			buildSettings = {
				ALWAYS_EMBED_SWIFT_STANDARD_LIBRARIES = YES;
				BUNDLE_LOADER = "$(TEST_HOST)";
				DEVELOPMENT_TEAM = 356W4VKW8U;
				INFOPLIST_FILE = GregsonRaevan_CE1Tests/Info.plist;
				LD_RUNPATH_SEARCH_PATHS = "$(inherited) @executable_path/Frameworks @loader_path/Frameworks";
				PRODUCT_BUNDLE_IDENTIFIER = "AppleProgramming.GregsonRaevan-CE1Tests";
				PRODUCT_NAME = "$(TARGET_NAME)";
				SWIFT_SWIFT3_OBJC_INFERENCE = On;
				SWIFT_VERSION = 4.0;
				TEST_HOST = "$(BUILT_PRODUCTS_DIR)/GregsonRaevan_CE1.app/GregsonRaevan_CE1";
			};
			name = Release;
		};
		917A3E841E4825A800F290B5 /* Debug */ = {
			isa = XCBuildConfiguration;
			buildSettings = {
				ALWAYS_EMBED_SWIFT_STANDARD_LIBRARIES = YES;
				DEVELOPMENT_TEAM = 356W4VKW8U;
				INFOPLIST_FILE = GregsonRaevan_CE1UITests/Info.plist;
				LD_RUNPATH_SEARCH_PATHS = "$(inherited) @executable_path/Frameworks @loader_path/Frameworks";
				PRODUCT_BUNDLE_IDENTIFIER = "AppleProgramming.GregsonRaevan-CE1UITests";
				PRODUCT_NAME = "$(TARGET_NAME)";
				SWIFT_SWIFT3_OBJC_INFERENCE = On;
				SWIFT_VERSION = 4.0;
				TEST_TARGET_NAME = GregsonRaevan_CE1;
			};
			name = Debug;
		};
		917A3E851E4825A800F290B5 /* Release */ = {
			isa = XCBuildConfiguration;
			buildSettings = {
				ALWAYS_EMBED_SWIFT_STANDARD_LIBRARIES = YES;
				DEVELOPMENT_TEAM = 356W4VKW8U;
				INFOPLIST_FILE = GregsonRaevan_CE1UITests/Info.plist;
				LD_RUNPATH_SEARCH_PATHS = "$(inherited) @executable_path/Frameworks @loader_path/Frameworks";
				PRODUCT_BUNDLE_IDENTIFIER = "AppleProgramming.GregsonRaevan-CE1UITests";
				PRODUCT_NAME = "$(TARGET_NAME)";
				SWIFT_SWIFT3_OBJC_INFERENCE = On;
				SWIFT_VERSION = 4.0;
				TEST_TARGET_NAME = GregsonRaevan_CE1;
			};
			name = Release;
		};
/* End XCBuildConfiguration section */

/* Begin XCConfigurationList section */
		917A3E501E4825A800F290B5 /* Build configuration list for PBXProject "GregsonRaevan_CE1" */ = {
			isa = XCConfigurationList;
			buildConfigurations = (
				917A3E7B1E4825A800F290B5 /* Debug */,
				917A3E7C1E4825A800F290B5 /* Release */,
			);
			defaultConfigurationIsVisible = 0;
			defaultConfigurationName = Release;
		};
		917A3E7D1E4825A800F290B5 /* Build configuration list for PBXNativeTarget "GregsonRaevan_CE1" */ = {
			isa = XCConfigurationList;
			buildConfigurations = (
				917A3E7E1E4825A800F290B5 /* Debug */,
				917A3E7F1E4825A800F290B5 /* Release */,
			);
			defaultConfigurationIsVisible = 0;
			defaultConfigurationName = Release;
		};
		917A3E801E4825A800F290B5 /* Build configuration list for PBXNativeTarget "GregsonRaevan_CE1Tests" */ = {
			isa = XCConfigurationList;
			buildConfigurations = (
				917A3E811E4825A800F290B5 /* Debug */,
				917A3E821E4825A800F290B5 /* Release */,
			);
			defaultConfigurationIsVisible = 0;
			defaultConfigurationName = Release;
		};
		917A3E831E4825A800F290B5 /* Build configuration list for PBXNativeTarget "GregsonRaevan_CE1UITests" */ = {
			isa = XCConfigurationList;
			buildConfigurations = (
				917A3E841E4825A800F290B5 /* Debug */,
				917A3E851E4825A800F290B5 /* Release */,
			);
			defaultConfigurationIsVisible = 0;
			defaultConfigurationName = Release;
		};
/* End XCConfigurationList section */
	};
	rootObject = 917A3E4D1E4825A800F290B5 /* Project object */;
}
